
Microsoft Visual Studio Solution File, Format Version 12.00
# Visual Studio 15
VisualStudioVersion = 15.0.27428.2015
MinimumVisualStudioVersion = 10.0.40219.1
Project("{9A19103F-16F7-4668-BE54-9A1E7A4F7556}") = "Espn.Fantasy.Football.Client", "Espn.Fantasy.Football.Client\Espn.Fantasy.Football.Client.csproj", "{70B3558D-796F-494B-AAC3-D6D66A84D444}"
EndProject
Project("{9A19103F-16F7-4668-BE54-9A1E7A4F7556}") = "Espn.Fantasy.Football.Domain", "Espn.Fantasy.Football.Domain\Espn.Fantasy.Football.Domain.csproj", "{2CA36AC3-3790-46F7-B423-CAF2E4819218}"
EndProject
Project("{9A19103F-16F7-4668-BE54-9A1E7A4F7556}") = "Espn.Fantasy.Football.Serialization.NewtonSoft", "Espn.Fantasy.Football.Serialization.NewtonSoft\Espn.Fantasy.Football.Serialization.NewtonSoft.csproj", "{63B62160-6DD9-43B7-91C3-46B60CCEF2BE}"
EndProject
Project("{9A19103F-16F7-4668-BE54-9A1E7A4F7556}") = "Espn.Fantasy.Football.Tests.Integration", "Espn.Fantasy.Football.Tests.Integration\Espn.Fantasy.Football.Tests.Integration.csproj", "{A27394B5-A38F-426A-8FF7-D9733BFAE554}"
EndProject
Project("{9A19103F-16F7-4668-BE54-9A1E7A4F7556}") = "Espn.Fantasy.Football.Tests.Unit", "Espn.Fantasy.Football.Tests.Unit\Espn.Fantasy.Football.Tests.Unit.csproj", "{65BAD4CE-0B0F-457F-B350-739F02A205B7}"
EndProject
Project("{FAE04EC0-301F-11D3-BF4B-00C04F79EFBC}") = "Espn.Fantasy.Football.Tests.Assets", "Espn.Fantasy.Football.Tests.Assets\Espn.Fantasy.Football.Tests.Assets.csproj", "{4DC8BFB1-5D33-44FA-9913-12DCD7900FB2}"
EndProject
Project("{FAE04EC0-301F-11D3-BF4B-00C04F79EFBC}") = "Espn.Fantasy.Football.Html.Parser.Hap", "Espn.Fantasy.Football.Html.Parser.Hap\Espn.Fantasy.Football.Html.Parser.Hap.csproj", "{331F711F-0816-43C4-AD13-CE6834E399D9}"
EndProject
Global
	GlobalSection(SolutionConfigurationPlatforms) = preSolution
		Debug|Any CPU = Debug|Any CPU
		Release|Any CPU = Release|Any CPU
	EndGlobalSection
	GlobalSection(ProjectConfigurationPlatforms) = postSolution
		{70B3558D-796F-494B-AAC3-D6D66A84D444}.Debug|Any CPU.ActiveCfg = Debug|Any CPU
		{70B3558D-796F-494B-AAC3-D6D66A84D444}.Debug|Any CPU.Build.0 = Debug|Any CPU
		{70B3558D-796F-494B-AAC3-D6D66A84D444}.Release|Any CPU.ActiveCfg = Release|Any CPU
		{70B3558D-796F-494B-AAC3-D6D66A84D444}.Release|Any CPU.Build.0 = Release|Any CPU
		{2CA36AC3-3790-46F7-B423-CAF2E4819218}.Debug|Any CPU.ActiveCfg = Debug|Any CPU
		{2CA36AC3-3790-46F7-B423-CAF2E4819218}.Debug|Any CPU.Build.0 = Debug|Any CPU
		{2CA36AC3-3790-46F7-B423-CAF2E4819218}.Release|Any CPU.ActiveCfg = Release|Any CPU
		{2CA36AC3-3790-46F7-B423-CAF2E4819218}.Release|Any CPU.Build.0 = Release|Any CPU
		{63B62160-6DD9-43B7-91C3-46B60CCEF2BE}.Debug|Any CPU.ActiveCfg = Debug|Any CPU
		{63B62160-6DD9-43B7-91C3-46B60CCEF2BE}.Debug|Any CPU.Build.0 = Debug|Any CPU
		{63B62160-6DD9-43B7-91C3-46B60CCEF2BE}.Release|Any CPU.ActiveCfg = Release|Any CPU
		{63B62160-6DD9-43B7-91C3-46B60CCEF2BE}.Release|Any CPU.Build.0 = Release|Any CPU
		{A27394B5-A38F-426A-8FF7-D9733BFAE554}.Debug|Any CPU.ActiveCfg = Debug|Any CPU
		{A27394B5-A38F-426A-8FF7-D9733BFAE554}.Debug|Any CPU.Build.0 = Debug|Any CPU
		{A27394B5-A38F-426A-8FF7-D9733BFAE554}.Release|Any CPU.ActiveCfg = Release|Any CPU
		{A27394B5-A38F-426A-8FF7-D9733BFAE554}.Release|Any CPU.Build.0 = Release|Any CPU
		{65BAD4CE-0B0F-457F-B350-739F02A205B7}.Debug|Any CPU.ActiveCfg = Debug|Any CPU
		{65BAD4CE-0B0F-457F-B350-739F02A205B7}.Debug|Any CPU.Build.0 = Debug|Any CPU
		{65BAD4CE-0B0F-457F-B350-739F02A205B7}.Release|Any CPU.ActiveCfg = Release|Any CPU
		{65BAD4CE-0B0F-457F-B350-739F02A205B7}.Release|Any CPU.Build.0 = Release|Any CPU
		{4DC8BFB1-5D33-44FA-9913-12DCD7900FB2}.Debug|Any CPU.ActiveCfg = Debug|Any CPU
		{4DC8BFB1-5D33-44FA-9913-12DCD7900FB2}.Debug|Any CPU.Build.0 = Debug|Any CPU
		{4DC8BFB1-5D33-44FA-9913-12DCD7900FB2}.Release|Any CPU.ActiveCfg = Release|Any CPU
		{4DC8BFB1-5D33-44FA-9913-12DCD7900FB2}.Release|Any CPU.Build.0 = Release|Any CPU
		{331F711F-0816-43C4-AD13-CE6834E399D9}.Debug|Any CPU.ActiveCfg = Debug|Any CPU
		{331F711F-0816-43C4-AD13-CE6834E399D9}.Debug|Any CPU.Build.0 = Debug|Any CPU
		{331F711F-0816-43C4-AD13-CE6834E399D9}.Release|Any CPU.ActiveCfg = Release|Any CPU
		{331F711F-0816-43C4-AD13-CE6834E399D9}.Release|Any CPU.Build.0 = Release|Any CPU
	EndGlobalSection
	GlobalSection(SolutionProperties) = preSolution
		HideSolutionNode = FALSE
	EndGlobalSection
	GlobalSection(ExtensibilityGlobals) = postSolution
		SolutionGuid = {8BF17BE8-8622-4063-AD10-1CCF011FDCF9}
	EndGlobalSection
EndGlobal
